
Microsoft Visual Studio Solution File, Format Version 12.00
# Visual Studio Version 16
VisualStudioVersion = 16.0.30204.135
MinimumVisualStudioVersion = 10.0.40219.1
Project("{FAE04EC0-301F-11D3-BF4B-00C04F79EFBC}") = "OS1", "OS1\OS1.csproj", "{F5B7267A-47F3-460A-BEB9-2BE84EF9EC94}"
EndProject
Global
	GlobalSection(SolutionConfigurationPlatforms) = preSolution
		Debug|Any CPU = Debug|Any CPU
		Release|Any CPU = Release|Any CPU
	EndGlobalSection
	GlobalSection(ProjectConfigurationPlatforms) = postSolution
		{F5B7267A-47F3-460A-BEB9-2BE84EF9EC94}.Debug|Any CPU.ActiveCfg = Debug|Any CPU
		{F5B7267A-47F3-460A-BEB9-2BE84EF9EC94}.Debug|Any CPU.Build.0 = Debug|Any CPU
		{F5B7267A-47F3-460A-BEB9-2BE84EF9EC94}.Release|Any CPU.ActiveCfg = Release|Any CPU
		{F5B7267A-47F3-460A-BEB9-2BE84EF9EC94}.Release|Any CPU.Build.0 = Release|Any CPU
	EndGlobalSection
	GlobalSection(SolutionProperties) = preSolution
		HideSolutionNode = FALSE
	EndGlobalSection
	GlobalSection(ExtensibilityGlobals) = postSolution
		SolutionGuid = {9C44D23B-AE11-4353-A06A-DDCFBA0B09DD}
	EndGlobalSection
EndGlobal
